
Microsoft Visual Studio Solution File, Format Version 12.00
# Visual Studio Version 17
VisualStudioVersion = 17.2.32526.322
MinimumVisualStudioVersion = 10.0.40219.1
Project("{FAE04EC0-301F-11D3-BF4B-00C04F79EFBC}") = "Bart.Domanski.Service2", "Bart.Domanski.Service2\Bart.Domanski.Service2.csproj", "{2DB97C05-1B09-4D5E-A90D-F00F74C95D4F}"
EndProject
Global
	GlobalSection(SolutionConfigurationPlatforms) = preSolution
		Debug|Any CPU = Debug|Any CPU
		Release|Any CPU = Release|Any CPU
	EndGlobalSection
	GlobalSection(ProjectConfigurationPlatforms) = postSolution
		{2DB97C05-1B09-4D5E-A90D-F00F74C95D4F}.Debug|Any CPU.ActiveCfg = Debug|Any CPU
		{2DB97C05-1B09-4D5E-A90D-F00F74C95D4F}.Debug|Any CPU.Build.0 = Debug|Any CPU
		{2DB97C05-1B09-4D5E-A90D-F00F74C95D4F}.Release|Any CPU.ActiveCfg = Release|Any CPU
		{2DB97C05-1B09-4D5E-A90D-F00F74C95D4F}.Release|Any CPU.Build.0 = Release|Any CPU
	EndGlobalSection
	GlobalSection(SolutionProperties) = preSolution
		HideSolutionNode = FALSE
	EndGlobalSection
	GlobalSection(ExtensibilityGlobals) = postSolution
		SolutionGuid = {04C02067-077A-422D-8A7B-51187370A456}
	EndGlobalSection
EndGlobal
